
Microsoft Visual Studio Solution File, Format Version 12.00
# Visual Studio Version 17
VisualStudioVersion = 17.9.34728.123
MinimumVisualStudioVersion = 10.0.40219.1
Project("{FAE04EC0-301F-11D3-BF4B-00C04F79EFBC}") = "CodeWars", "CodeWars\CodeWars.csproj", "{31C639DA-4A13-4CE8-9EEC-991CAEBFFF72}"
EndProject
Global
	GlobalSection(SolutionConfigurationPlatforms) = preSolution
		Debug|Any CPU = Debug|Any CPU
		Release|Any CPU = Release|Any CPU
	EndGlobalSection
	GlobalSection(ProjectConfigurationPlatforms) = postSolution
		{31C639DA-4A13-4CE8-9EEC-991CAEBFFF72}.Debug|Any CPU.ActiveCfg = Debug|Any CPU
		{31C639DA-4A13-4CE8-9EEC-991CAEBFFF72}.Debug|Any CPU.Build.0 = Debug|Any CPU
		{31C639DA-4A13-4CE8-9EEC-991CAEBFFF72}.Release|Any CPU.ActiveCfg = Release|Any CPU
		{31C639DA-4A13-4CE8-9EEC-991CAEBFFF72}.Release|Any CPU.Build.0 = Release|Any CPU
	EndGlobalSection
	GlobalSection(SolutionProperties) = preSolution
		HideSolutionNode = FALSE
	EndGlobalSection
	GlobalSection(ExtensibilityGlobals) = postSolution
		SolutionGuid = {3A87BC7E-DAE8-42BC-8E5D-FB17E79D0479}
	EndGlobalSection
EndGlobal
